
Microsoft Visual Studio Solution File, Format Version 12.00
# Visual Studio Version 17
VisualStudioVersion = 17.7.34031.279
MinimumVisualStudioVersion = 10.0.40219.1
Project("{54A90642-561A-4BB1-A94E-469ADEE60C69}") = "Angular-Course", "Angular-Course.esproj", "{5B735CBD-1A1A-4D07-83A9-9088FA0C2A7B}"
EndProject
Global
	GlobalSection(SolutionConfigurationPlatforms) = preSolution
		Debug|Any CPU = Debug|Any CPU
		Release|Any CPU = Release|Any CPU
	EndGlobalSection
	GlobalSection(ProjectConfigurationPlatforms) = postSolution
		{5B735CBD-1A1A-4D07-83A9-9088FA0C2A7B}.Debug|Any CPU.ActiveCfg = Debug|Any CPU
		{5B735CBD-1A1A-4D07-83A9-9088FA0C2A7B}.Debug|Any CPU.Build.0 = Debug|Any CPU
		{5B735CBD-1A1A-4D07-83A9-9088FA0C2A7B}.Debug|Any CPU.Deploy.0 = Debug|Any CPU
		{5B735CBD-1A1A-4D07-83A9-9088FA0C2A7B}.Release|Any CPU.ActiveCfg = Release|Any CPU
		{5B735CBD-1A1A-4D07-83A9-9088FA0C2A7B}.Release|Any CPU.Build.0 = Release|Any CPU
		{5B735CBD-1A1A-4D07-83A9-9088FA0C2A7B}.Release|Any CPU.Deploy.0 = Release|Any CPU
	EndGlobalSection
	GlobalSection(SolutionProperties) = preSolution
		HideSolutionNode = FALSE
	EndGlobalSection
	GlobalSection(ExtensibilityGlobals) = postSolution
		SolutionGuid = {1BA5D186-AA41-4EA0-9E51-4AA2F0859FFA}
	EndGlobalSection
EndGlobal
